
Microsoft Visual Studio Solution File, Format Version 12.00
# Visual Studio Version 16
VisualStudioVersion = 16.0.30517.126
MinimumVisualStudioVersion = 10.0.40219.1
Project("{FAE04EC0-301F-11D3-BF4B-00C04F79EFBC}") = "tp_torneio", "tp_torneio.csproj", "{4590DBEC-C47B-4BF5-894A-0A3AD06E1210}"
EndProject
Global
	GlobalSection(SolutionConfigurationPlatforms) = preSolution
		Debug|Any CPU = Debug|Any CPU
		Release|Any CPU = Release|Any CPU
	EndGlobalSection
	GlobalSection(ProjectConfigurationPlatforms) = postSolution
		{4590DBEC-C47B-4BF5-894A-0A3AD06E1210}.Debug|Any CPU.ActiveCfg = Debug|Any CPU
		{4590DBEC-C47B-4BF5-894A-0A3AD06E1210}.Debug|Any CPU.Build.0 = Debug|Any CPU
		{4590DBEC-C47B-4BF5-894A-0A3AD06E1210}.Release|Any CPU.ActiveCfg = Release|Any CPU
		{4590DBEC-C47B-4BF5-894A-0A3AD06E1210}.Release|Any CPU.Build.0 = Release|Any CPU
	EndGlobalSection
	GlobalSection(SolutionProperties) = preSolution
		HideSolutionNode = FALSE
	EndGlobalSection
	GlobalSection(ExtensibilityGlobals) = postSolution
		SolutionGuid = {890786A4-A63B-4AD7-81BA-A6F9E1B48099}
	EndGlobalSection
EndGlobal
