
Microsoft Visual Studio Solution File, Format Version 12.00
# Visual Studio Version 16
VisualStudioVersion = 16.0.30517.126
MinimumVisualStudioVersion = 10.0.40219.1
Project("{FAE04EC0-301F-11D3-BF4B-00C04F79EFBC}") = "tp-torneio", "tp-torneio.csproj", "{21533D5E-7A73-49D0-A28C-3DE46B935B56}"
EndProject
Global
	GlobalSection(SolutionConfigurationPlatforms) = preSolution
		Debug|Any CPU = Debug|Any CPU
		Release|Any CPU = Release|Any CPU
	EndGlobalSection
	GlobalSection(ProjectConfigurationPlatforms) = postSolution
		{21533D5E-7A73-49D0-A28C-3DE46B935B56}.Debug|Any CPU.ActiveCfg = Debug|Any CPU
		{21533D5E-7A73-49D0-A28C-3DE46B935B56}.Debug|Any CPU.Build.0 = Debug|Any CPU
		{21533D5E-7A73-49D0-A28C-3DE46B935B56}.Release|Any CPU.ActiveCfg = Release|Any CPU
		{21533D5E-7A73-49D0-A28C-3DE46B935B56}.Release|Any CPU.Build.0 = Release|Any CPU
	EndGlobalSection
	GlobalSection(SolutionProperties) = preSolution
		HideSolutionNode = FALSE
	EndGlobalSection
	GlobalSection(ExtensibilityGlobals) = postSolution
		SolutionGuid = {E1842D01-7D7E-4E96-8D30-9D4EC46CAC3C}
	EndGlobalSection
EndGlobal
